// !$*UTF8*$!
{
	archiveVersion = 1;
	classes = {
	};
	objectVersion = 46;
	objects = {

/* Begin PBXBuildFile section */
		A3A2545C1A76E81000885AAB /* AppDelegate.swift in Sources */ = {isa = PBXBuildFile; fileRef = A3A2545B1A76E81000885AAB /* AppDelegate.swift */; };
		A3A2545E1A76E81000885AAB /* ViewController.swift in Sources */ = {isa = PBXBuildFile; fileRef = A3A2545D1A76E81000885AAB /* ViewController.swift */; };
		A3A254611A76E81000885AAB /* Main.storyboard in Resources */ = {isa = PBXBuildFile; fileRef = A3A2545F1A76E81000885AAB /* Main.storyboard */; };
		A3A254631A76E81000885AAB /* Images.xcassets in Resources */ = {isa = PBXBuildFile; fileRef = A3A254621A76E81000885AAB /* Images.xcassets */; };
		A3A254661A76E81000885AAB /* LaunchScreen.xib in Resources */ = {isa = PBXBuildFile; fileRef = A3A254641A76E81000885AAB /* LaunchScreen.xib */; };
		A3A254721A76E81000885AAB /* Y__PoolTests.swift in Sources */ = {isa = PBXBuildFile; fileRef = A3A254711A76E81000885AAB /* Y__PoolTests.swift */; };
/* End PBXBuildFile section */

/* Begin PBXContainerItemProxy section */
		A3A2546C1A76E81000885AAB /* PBXContainerItemProxy */ = {
			isa = PBXContainerItemProxy;
			containerPortal = A3A2544E1A76E81000885AAB /* Project object */;
			proxyType = 1;
			remoteGlobalIDString = A3A254551A76E81000885AAB;
			remoteInfo = "Y! Pool";
		};
/* End PBXContainerItemProxy section */

/* Begin PBXFileReference section */
		A3A254561A76E81000885AAB /* Y! Pool.app */ = {isa = PBXFileReference; explicitFileType = wrapper.application; includeInIndex = 0; path = "Y! Pool.app"; sourceTree = BUILT_PRODUCTS_DIR; };
		A3A2545A1A76E81000885AAB /* Info.plist */ = {isa = PBXFileReference; lastKnownFileType = text.plist.xml; path = Info.plist; sourceTree = "<group>"; };
		A3A2545B1A76E81000885AAB /* AppDelegate.swift */ = {isa = PBXFileReference; lastKnownFileType = sourcecode.swift; path = AppDelegate.swift; sourceTree = "<group>"; };
		A3A2545D1A76E81000885AAB /* ViewController.swift */ = {isa = PBXFileReference; lastKnownFileType = sourcecode.swift; path = ViewController.swift; sourceTree = "<group>"; };
		A3A254601A76E81000885AAB /* Base */ = {isa = PBXFileReference; lastKnownFileType = file.storyboard; name = Base; path = Base.lproj/Main.storyboard; sourceTree = "<group>"; };
		A3A254621A76E81000885AAB /* Images.xcassets */ = {isa = PBXFileReference; lastKnownFileType = folder.assetcatalog; path = Images.xcassets; sourceTree = "<group>"; };
		A3A254651A76E81000885AAB /* Base */ = {isa = PBXFileReference; lastKnownFileType = file.xib; name = Base; path = Base.lproj/LaunchScreen.xib; sourceTree = "<group>"; };
		A3A2546B1A76E81000885AAB /* Y! PoolTests.xctest */ = {isa = PBXFileReference; explicitFileType = wrapper.cfbundle; includeInIndex = 0; path = "Y! PoolTests.xctest"; sourceTree = BUILT_PRODUCTS_DIR; };
		A3A254701A76E81000885AAB /* Info.plist */ = {isa = PBXFileReference; lastKnownFileType = text.plist.xml; path = Info.plist; sourceTree = "<group>"; };
		A3A254711A76E81000885AAB /* Y__PoolTests.swift */ = {isa = PBXFileReference; lastKnownFileType = sourcecode.swift; path = Y__PoolTests.swift; sourceTree = "<group>"; };
/* End PBXFileReference section */

/* Begin PBXFrameworksBuildPhase section */
		A3A254531A76E81000885AAB /* Frameworks */ = {
			isa = PBXFrameworksBuildPhase;
			buildActionMask = 2147483647;
			files = (
			);
			runOnlyForDeploymentPostprocessing = 0;
		};
		A3A254681A76E81000885AAB /* Frameworks */ = {
			isa = PBXFrameworksBuildPhase;
			buildActionMask = 2147483647;
			files = (
			);
			runOnlyForDeploymentPostprocessing = 0;
		};
/* End PBXFrameworksBuildPhase section */

/* Begin PBXGroup section */
		A3A2544D1A76E81000885AAB = {
			isa = PBXGroup;
			children = (
				A3A254581A76E81000885AAB /* Y! Pool */,
				A3A2546E1A76E81000885AAB /* Y! PoolTests */,
				A3A254571A76E81000885AAB /* Products */,
			);
			sourceTree = "<group>";
		};
		A3A254571A76E81000885AAB /* Products */ = {
			isa = PBXGroup;
			children = (
				A3A254561A76E81000885AAB /* Y! Pool.app */,
				A3A2546B1A76E81000885AAB /* Y! PoolTests.xctest */,
			);
			name = Products;
			sourceTree = "<group>";
		};
		A3A254581A76E81000885AAB /* Y! Pool */ = {
			isa = PBXGroup;
			children = (
				A3A2545B1A76E81000885AAB /* AppDelegate.swift */,
				A3A2545D1A76E81000885AAB /* ViewController.swift */,
				A3A2545F1A76E81000885AAB /* Main.storyboard */,
				A3A254621A76E81000885AAB /* Images.xcassets */,
				A3A254641A76E81000885AAB /* LaunchScreen.xib */,
				A3A254591A76E81000885AAB /* Supporting Files */,
			);
			path = "Y! Pool";
			sourceTree = "<group>";
		};
		A3A254591A76E81000885AAB /* Supporting Files */ = {
			isa = PBXGroup;
			children = (
				A3A2545A1A76E81000885AAB /* Info.plist */,
			);
			name = "Supporting Files";
			sourceTree = "<group>";
		};
		A3A2546E1A76E81000885AAB /* Y! PoolTests */ = {
			isa = PBXGroup;
			children = (
				A3A254711A76E81000885AAB /* Y__PoolTests.swift */,
				A3A2546F1A76E81000885AAB /* Supporting Files */,
			);
			path = "Y! PoolTests";
			sourceTree = "<group>";
		};
		A3A2546F1A76E81000885AAB /* Supporting Files */ = {
			isa = PBXGroup;
			children = (
				A3A254701A76E81000885AAB /* Info.plist */,
			);
			name = "Supporting Files";
			sourceTree = "<group>";
		};
/* End PBXGroup section */

/* Begin PBXNativeTarget section */
		A3A254551A76E81000885AAB /* Y! Pool */ = {
			isa = PBXNativeTarget;
			buildConfigurationList = A3A254751A76E81000885AAB /* Build configuration list for PBXNativeTarget "Y! Pool" */;
			buildPhases = (
				A3A254521A76E81000885AAB /* Sources */,
				A3A254531A76E81000885AAB /* Frameworks */,
				A3A254541A76E81000885AAB /* Resources */,
			);
			buildRules = (
			);
			dependencies = (
			);
			name = "Y! Pool";
			productName = "Y! Pool";
			productReference = A3A254561A76E81000885AAB /* Y! Pool.app */;
			productType = "com.apple.product-type.application";
		};
		A3A2546A1A76E81000885AAB /* Y! PoolTests */ = {
			isa = PBXNativeTarget;
			buildConfigurationList = A3A254781A76E81000885AAB /* Build configuration list for PBXNativeTarget "Y! PoolTests" */;
			buildPhases = (
				A3A254671A76E81000885AAB /* Sources */,
				A3A254681A76E81000885AAB /* Frameworks */,
				A3A254691A76E81000885AAB /* Resources */,
			);
			buildRules = (
			);
			dependencies = (
				A3A2546D1A76E81000885AAB /* PBXTargetDependency */,
			);
			name = "Y! PoolTests";
			productName = "Y! PoolTests";
			productReference = A3A2546B1A76E81000885AAB /* Y! PoolTests.xctest */;
			productType = "com.apple.product-type.bundle.unit-test";
		};
/* End PBXNativeTarget section */

/* Begin PBXProject section */
		A3A2544E1A76E81000885AAB /* Project object */ = {
			isa = PBXProject;
			attributes = {
				LastUpgradeCheck = 0600;
				ORGANIZATIONNAME = HyeyoungYoon;
				TargetAttributes = {
					A3A254551A76E81000885AAB = {
						CreatedOnToolsVersion = 6.0.1;
					};
					A3A2546A1A76E81000885AAB = {
						CreatedOnToolsVersion = 6.0.1;
						TestTargetID = A3A254551A76E81000885AAB;
					};
				};
			};
			buildConfigurationList = A3A254511A76E81000885AAB /* Build configuration list for PBXProject "Y! Pool" */;
			compatibilityVersion = "Xcode 3.2";
			developmentRegion = English;
			hasScannedForEncodings = 0;
			knownRegions = (
				en,
				Base,
			);
			mainGroup = A3A2544D1A76E81000885AAB;
			productRefGroup = A3A254571A76E81000885AAB /* Products */;
			projectDirPath = "";
			projectRoot = "";
			targets = (
				A3A254551A76E81000885AAB /* Y! Pool */,
				A3A2546A1A76E81000885AAB /* Y! PoolTests */,
			);
		};
/* End PBXProject section */

/* Begin PBXResourcesBuildPhase section */
		A3A254541A76E81000885AAB /* Resources */ = {
			isa = PBXResourcesBuildPhase;
			buildActionMask = 2147483647;
			files = (
				A3A254611A76E81000885AAB /* Main.storyboard in Resources */,
				A3A254661A76E81000885AAB /* LaunchScreen.xib in Resources */,
				A3A254631A76E81000885AAB /* Images.xcassets in Resources */,
			);
			runOnlyForDeploymentPostprocessing = 0;
		};
		A3A254691A76E81000885AAB /* Resources */ = {
			isa = PBXResourcesBuildPhase;
			buildActionMask = 2147483647;
			files = (
			);
			runOnlyForDeploymentPostprocessing = 0;
		};
/* End PBXResourcesBuildPhase section */

/* Begin PBXSourcesBuildPhase section */
		A3A254521A76E81000885AAB /* Sources */ = {
			isa = PBXSourcesBuildPhase;
			buildActionMask = 2147483647;
			files = (
				A3A2545E1A76E81000885AAB /* ViewController.swift in Sources */,
				A3A2545C1A76E81000885AAB /* AppDelegate.swift in Sources */,
			);
			runOnlyForDeploymentPostprocessing = 0;
		};
		A3A254671A76E81000885AAB /* Sources */ = {
			isa = PBXSourcesBuildPhase;
			buildActionMask = 2147483647;
			files = (
				A3A254721A76E81000885AAB /* Y__PoolTests.swift in Sources */,
			);
			runOnlyForDeploymentPostprocessing = 0;
		};
/* End PBXSourcesBuildPhase section */

/* Begin PBXTargetDependency section */
		A3A2546D1A76E81000885AAB /* PBXTargetDependency */ = {
			isa = PBXTargetDependency;
			target = A3A254551A76E81000885AAB /* Y! Pool */;
			targetProxy = A3A2546C1A76E81000885AAB /* PBXContainerItemProxy */;
		};
/* End PBXTargetDependency section */

/* Begin PBXVariantGroup section */
		A3A2545F1A76E81000885AAB /* Main.storyboard */ = {
			isa = PBXVariantGroup;
			children = (
				A3A254601A76E81000885AAB /* Base */,
			);
			name = Main.storyboard;
			sourceTree = "<group>";
		};
		A3A254641A76E81000885AAB /* LaunchScreen.xib */ = {
			isa = PBXVariantGroup;
			children = (
				A3A254651A76E81000885AAB /* Base */,
			);
			name = LaunchScreen.xib;
			sourceTree = "<group>";
		};
/* End PBXVariantGroup section */

/* Begin XCBuildConfiguration section */
		A3A254731A76E81000885AAB /* Debug */ = {
			isa = XCBuildConfiguration;
			buildSettings = {
				ALWAYS_SEARCH_USER_PATHS = NO;
				CLANG_CXX_LANGUAGE_STANDARD = "gnu++0x";
				CLANG_CXX_LIBRARY = "libc++";
				CLANG_ENABLE_MODULES = YES;
				CLANG_ENABLE_OBJC_ARC = YES;
				CLANG_WARN_BOOL_CONVERSION = YES;
				CLANG_WARN_CONSTANT_CONVERSION = YES;
				CLANG_WARN_DIRECT_OBJC_ISA_USAGE = YES_ERROR;
				CLANG_WARN_EMPTY_BODY = YES;
				CLANG_WARN_ENUM_CONVERSION = YES;
				CLANG_WARN_INT_CONVERSION = YES;
				CLANG_WARN_OBJC_ROOT_CLASS = YES_ERROR;
				CLANG_WARN_UNREACHABLE_CODE = YES;
				CLANG_WARN__DUPLICATE_METHOD_MATCH = YES;
				"CODE_SIGN_IDENTITY[sdk=iphoneos*]" = "iPhone Developer";
				COPY_PHASE_STRIP = NO;
				ENABLE_STRICT_OBJC_MSGSEND = YES;
				GCC_C_LANGUAGE_STANDARD = gnu99;
				GCC_DYNAMIC_NO_PIC = NO;
				GCC_OPTIMIZATION_LEVEL = 0;
				GCC_PREPROCESSOR_DEFINITIONS = (
					"DEBUG=1",
					"$(inherited)",
				);
				GCC_SYMBOLS_PRIVATE_EXTERN = NO;
				GCC_WARN_64_TO_32_BIT_CONVERSION = YES;
				GCC_WARN_ABOUT_RETURN_TYPE = YES_ERROR;
				GCC_WARN_UNDECLARED_SELECTOR = YES;
				GCC_WARN_UNINITIALIZED_AUTOS = YES_AGGRESSIVE;
				GCC_WARN_UNUSED_FUNCTION = YES;
				GCC_WARN_UNUSED_VARIABLE = YES;
				IPHONEOS_DEPLOYMENT_TARGET = 8.0;
				MTL_ENABLE_DEBUG_INFO = YES;
				ONLY_ACTIVE_ARCH = YES;
				SDKROOT = iphoneos;
				SWIFT_OPTIMIZATION_LEVEL = "-Onone";
			};
			name = Debug;
		};
		A3A254741A76E81000885AAB /* Release */ = {
			isa = XCBuildConfiguration;
			buildSettings = {
				ALWAYS_SEARCH_USER_PATHS = NO;
				CLANG_CXX_LANGUAGE_STANDARD = "gnu++0x";
				CLANG_CXX_LIBRARY = "libc++";
				CLANG_ENABLE_MODULES = YES;
				CLANG_ENABLE_OBJC_ARC = YES;
				CLANG_WARN_BOOL_CONVERSION = YES;
				CLANG_WARN_CONSTANT_CONVERSION = YES;
				CLANG_WARN_DIRECT_OBJC_ISA_USAGE = YES_ERROR;
				CLANG_WARN_EMPTY_BODY = YES;
				CLANG_WARN_ENUM_CONVERSION = YES;
				CLANG_WARN_INT_CONVERSION = YES;
				CLANG_WARN_OBJC_ROOT_CLASS = YES_ERROR;
				CLANG_WARN_UNREACHABLE_CODE = YES;
				CLANG_WARN__DUPLICATE_METHOD_MATCH = YES;
				"CODE_SIGN_IDENTITY[sdk=iphoneos*]" = "iPhone Developer";
				COPY_PHASE_STRIP = YES;
				ENABLE_NS_ASSERTIONS = NO;
				ENABLE_STRICT_OBJC_MSGSEND = YES;
				GCC_C_LANGUAGE_STANDARD = gnu99;
				GCC_WARN_64_TO_32_BIT_CONVERSION = YES;
				GCC_WARN_ABOUT_RETURN_TYPE = YES_ERROR;
				GCC_WARN_UNDECLARED_SELECTOR = YES;
				GCC_WARN_UNINITIALIZED_AUTOS = YES_AGGRESSIVE;
				GCC_WARN_UNUSED_FUNCTION = YES;
				GCC_WARN_UNUSED_VARIABLE = YES;
				IPHONEOS_DEPLOYMENT_TARGET = 8.0;
				MTL_ENABLE_DEBUG_INFO = NO;
				SDKROOT = iphoneos;
				VALIDATE_PRODUCT = YES;
			};
			name = Release;
		};
		A3A254761A76E81000885AAB /* Debug */ = {
			isa = XCBuildConfiguration;
			buildSettings = {
				ASSETCATALOG_COMPILER_APPICON_NAME = AppIcon;
				INFOPLIST_FILE = "Y! Pool/Info.plist";
				LD_RUNPATH_SEARCH_PATHS = "$(inherited) @executable_path/Frameworks";
				PRODUCT_NAME = "$(TARGET_NAME)";
			};
			name = Debug;
		};
		A3A254771A76E81000885AAB /* Release */ = {
			isa = XCBuildConfiguration;
			buildSettings = {
				ASSETCATALOG_COMPILER_APPICON_NAME = AppIcon;
				INFOPLIST_FILE = "Y! Pool/Info.plist";
				LD_RUNPATH_SEARCH_PATHS = "$(inherited) @executable_path/Frameworks";
				PRODUCT_NAME = "$(TARGET_NAME)";
			};
			name = Release;
		};
		A3A254791A76E81000885AAB /* Debug */ = {
			isa = XCBuildConfiguration;
			buildSettings = {
				BUNDLE_LOADER = "$(TEST_HOST)";
				FRAMEWORK_SEARCH_PATHS = (
					"$(SDKROOT)/Developer/Library/Frameworks",
					"$(inherited)",
				);
				GCC_PREPROCESSOR_DEFINITIONS = (
					"DEBUG=1",
					"$(inherited)",
				);
				INFOPLIST_FILE = "Y! PoolTests/Info.plist";
				LD_RUNPATH_SEARCH_PATHS = "$(inherited) @executable_path/Frameworks @loader_path/Frameworks";
				PRODUCT_NAME = "$(TARGET_NAME)";
				TEST_HOST = "$(BUILT_PRODUCTS_DIR)/Y! Pool.app/Y! Pool";
			};
			name = Debug;
		};
		A3A2547A1A76E81000885AAB /* Release */ = {
			isa = XCBuildConfiguration;
			buildSettings = {
				BUNDLE_LOADER = "$(TEST_HOST)";
				FRAMEWORK_SEARCH_PATHS = (
					"$(SDKROOT)/Developer/Library/Frameworks",
					"$(inherited)",
				);
				INFOPLIST_FILE = "Y! PoolTests/Info.plist";
				LD_RUNPATH_SEARCH_PATHS = "$(inherited) @executable_path/Frameworks @loader_path/Frameworks";
				PRODUCT_NAME = "$(TARGET_NAME)";
				TEST_HOST = "$(BUILT_PRODUCTS_DIR)/Y! Pool.app/Y! Pool";
			};
			name = Release;
		};
/* End XCBuildConfiguration section */

/* Begin XCConfigurationList section */
		A3A254511A76E81000885AAB /* Build configuration list for PBXProject "Y! Pool" */ = {
			isa = XCConfigurationList;
			buildConfigurations = (
				A3A254731A76E81000885AAB /* Debug */,
				A3A254741A76E81000885AAB /* Release */,
			);
			defaultConfigurationIsVisible = 0;
			defaultConfigurationName = Release;
		};
		A3A254751A76E81000885AAB /* Build configuration list for PBXNativeTarget "Y! Pool" */ = {
			isa = XCConfigurationList;
			buildConfigurations = (
				A3A254761A76E81000885AAB /* Debug */,
				A3A254771A76E81000885AAB /* Release */,
			);
			defaultConfigurationIsVisible = 0;
		};
		A3A254781A76E81000885AAB /* Build configuration list for PBXNativeTarget "Y! PoolTests" */ = {
			isa = XCConfigurationList;
			buildConfigurations = (
				A3A254791A76E81000885AAB /* Debug */,
				A3A2547A1A76E81000885AAB /* Release */,
			);
			defaultConfigurationIsVisible = 0;
		};
/* End XCConfigurationList section */
	};
	rootObject = A3A2544E1A76E81000885AAB /* Project object */;
}
