// !$*UTF8*$!
{
	archiveVersion = 1;
	classes = {
	};
	objectVersion = 46;
	objects = {

/* Begin PBXBuildFile section */
		A3F2C55F1A804B5D00F41147 /* AppDelegate.swift in Sources */ = {isa = PBXBuildFile; fileRef = A3F2C55E1A804B5D00F41147 /* AppDelegate.swift */; };
		A3F2C5611A804B5D00F41147 /* ViewController.swift in Sources */ = {isa = PBXBuildFile; fileRef = A3F2C5601A804B5D00F41147 /* ViewController.swift */; };
		A3F2C5641A804B5D00F41147 /* Main.storyboard in Resources */ = {isa = PBXBuildFile; fileRef = A3F2C5621A804B5D00F41147 /* Main.storyboard */; };
		A3F2C5661A804B5D00F41147 /* Images.xcassets in Resources */ = {isa = PBXBuildFile; fileRef = A3F2C5651A804B5D00F41147 /* Images.xcassets */; };
		A3F2C5691A804B5D00F41147 /* LaunchScreen.xib in Resources */ = {isa = PBXBuildFile; fileRef = A3F2C5671A804B5D00F41147 /* LaunchScreen.xib */; };
		A3F2C5751A804B5D00F41147 /* DropBoxTests.swift in Sources */ = {isa = PBXBuildFile; fileRef = A3F2C5741A804B5D00F41147 /* DropBoxTests.swift */; };
		A3F2C57F1A804D1000F41147 /* WelcomeViewController.swift in Sources */ = {isa = PBXBuildFile; fileRef = A3F2C57E1A804D1000F41147 /* WelcomeViewController.swift */; };
		A3F2C5811A80A02D00F41147 /* favSwipeViewController.swift in Sources */ = {isa = PBXBuildFile; fileRef = A3F2C5801A80A02D00F41147 /* favSwipeViewController.swift */; };
/* End PBXBuildFile section */

/* Begin PBXContainerItemProxy section */
		A3F2C56F1A804B5D00F41147 /* PBXContainerItemProxy */ = {
			isa = PBXContainerItemProxy;
			containerPortal = A3F2C5511A804B5D00F41147 /* Project object */;
			proxyType = 1;
			remoteGlobalIDString = A3F2C5581A804B5D00F41147;
			remoteInfo = DropBox;
		};
/* End PBXContainerItemProxy section */

/* Begin PBXFileReference section */
		A3F2C5591A804B5D00F41147 /* DropBox.app */ = {isa = PBXFileReference; explicitFileType = wrapper.application; includeInIndex = 0; path = DropBox.app; sourceTree = BUILT_PRODUCTS_DIR; };
		A3F2C55D1A804B5D00F41147 /* Info.plist */ = {isa = PBXFileReference; lastKnownFileType = text.plist.xml; path = Info.plist; sourceTree = "<group>"; };
		A3F2C55E1A804B5D00F41147 /* AppDelegate.swift */ = {isa = PBXFileReference; lastKnownFileType = sourcecode.swift; path = AppDelegate.swift; sourceTree = "<group>"; };
		A3F2C5601A804B5D00F41147 /* ViewController.swift */ = {isa = PBXFileReference; lastKnownFileType = sourcecode.swift; path = ViewController.swift; sourceTree = "<group>"; };
		A3F2C5631A804B5D00F41147 /* Base */ = {isa = PBXFileReference; lastKnownFileType = file.storyboard; name = Base; path = Base.lproj/Main.storyboard; sourceTree = "<group>"; };
		A3F2C5651A804B5D00F41147 /* Images.xcassets */ = {isa = PBXFileReference; lastKnownFileType = folder.assetcatalog; path = Images.xcassets; sourceTree = "<group>"; };
		A3F2C5681A804B5D00F41147 /* Base */ = {isa = PBXFileReference; lastKnownFileType = file.xib; name = Base; path = Base.lproj/LaunchScreen.xib; sourceTree = "<group>"; };
		A3F2C56E1A804B5D00F41147 /* DropBoxTests.xctest */ = {isa = PBXFileReference; explicitFileType = wrapper.cfbundle; includeInIndex = 0; path = DropBoxTests.xctest; sourceTree = BUILT_PRODUCTS_DIR; };
		A3F2C5731A804B5D00F41147 /* Info.plist */ = {isa = PBXFileReference; lastKnownFileType = text.plist.xml; path = Info.plist; sourceTree = "<group>"; };
		A3F2C5741A804B5D00F41147 /* DropBoxTests.swift */ = {isa = PBXFileReference; lastKnownFileType = sourcecode.swift; path = DropBoxTests.swift; sourceTree = "<group>"; };
		A3F2C57E1A804D1000F41147 /* WelcomeViewController.swift */ = {isa = PBXFileReference; fileEncoding = 4; lastKnownFileType = sourcecode.swift; path = WelcomeViewController.swift; sourceTree = "<group>"; };
		A3F2C5801A80A02D00F41147 /* favSwipeViewController.swift */ = {isa = PBXFileReference; fileEncoding = 4; lastKnownFileType = sourcecode.swift; path = favSwipeViewController.swift; sourceTree = "<group>"; };
/* End PBXFileReference section */

/* Begin PBXFrameworksBuildPhase section */
		A3F2C5561A804B5D00F41147 /* Frameworks */ = {
			isa = PBXFrameworksBuildPhase;
			buildActionMask = 2147483647;
			files = (
			);
			runOnlyForDeploymentPostprocessing = 0;
		};
		A3F2C56B1A804B5D00F41147 /* Frameworks */ = {
			isa = PBXFrameworksBuildPhase;
			buildActionMask = 2147483647;
			files = (
			);
			runOnlyForDeploymentPostprocessing = 0;
		};
/* End PBXFrameworksBuildPhase section */

/* Begin PBXGroup section */
		A3F2C5501A804B5D00F41147 = {
			isa = PBXGroup;
			children = (
				A3F2C5801A80A02D00F41147 /* favSwipeViewController.swift */,
				A3F2C55B1A804B5D00F41147 /* DropBox */,
				A3F2C5711A804B5D00F41147 /* DropBoxTests */,
				A3F2C55A1A804B5D00F41147 /* Products */,
			);
			sourceTree = "<group>";
		};
		A3F2C55A1A804B5D00F41147 /* Products */ = {
			isa = PBXGroup;
			children = (
				A3F2C5591A804B5D00F41147 /* DropBox.app */,
				A3F2C56E1A804B5D00F41147 /* DropBoxTests.xctest */,
			);
			name = Products;
			sourceTree = "<group>";
		};
		A3F2C55B1A804B5D00F41147 /* DropBox */ = {
			isa = PBXGroup;
			children = (
				A3F2C55E1A804B5D00F41147 /* AppDelegate.swift */,
				A3F2C5601A804B5D00F41147 /* ViewController.swift */,
				A3F2C5621A804B5D00F41147 /* Main.storyboard */,
				A3F2C57E1A804D1000F41147 /* WelcomeViewController.swift */,
				A3F2C5651A804B5D00F41147 /* Images.xcassets */,
				A3F2C5671A804B5D00F41147 /* LaunchScreen.xib */,
				A3F2C55C1A804B5D00F41147 /* Supporting Files */,
			);
			path = DropBox;
			sourceTree = "<group>";
		};
		A3F2C55C1A804B5D00F41147 /* Supporting Files */ = {
			isa = PBXGroup;
			children = (
				A3F2C55D1A804B5D00F41147 /* Info.plist */,
			);
			name = "Supporting Files";
			sourceTree = "<group>";
		};
		A3F2C5711A804B5D00F41147 /* DropBoxTests */ = {
			isa = PBXGroup;
			children = (
				A3F2C5741A804B5D00F41147 /* DropBoxTests.swift */,
				A3F2C5721A804B5D00F41147 /* Supporting Files */,
			);
			path = DropBoxTests;
			sourceTree = "<group>";
		};
		A3F2C5721A804B5D00F41147 /* Supporting Files */ = {
			isa = PBXGroup;
			children = (
				A3F2C5731A804B5D00F41147 /* Info.plist */,
			);
			name = "Supporting Files";
			sourceTree = "<group>";
		};
/* End PBXGroup section */

/* Begin PBXNativeTarget section */
		A3F2C5581A804B5D00F41147 /* DropBox */ = {
			isa = PBXNativeTarget;
			buildConfigurationList = A3F2C5781A804B5D00F41147 /* Build configuration list for PBXNativeTarget "DropBox" */;
			buildPhases = (
				A3F2C5551A804B5D00F41147 /* Sources */,
				A3F2C5561A804B5D00F41147 /* Frameworks */,
				A3F2C5571A804B5D00F41147 /* Resources */,
			);
			buildRules = (
			);
			dependencies = (
			);
			name = DropBox;
			productName = DropBox;
			productReference = A3F2C5591A804B5D00F41147 /* DropBox.app */;
			productType = "com.apple.product-type.application";
		};
		A3F2C56D1A804B5D00F41147 /* DropBoxTests */ = {
			isa = PBXNativeTarget;
			buildConfigurationList = A3F2C57B1A804B5D00F41147 /* Build configuration list for PBXNativeTarget "DropBoxTests" */;
			buildPhases = (
				A3F2C56A1A804B5D00F41147 /* Sources */,
				A3F2C56B1A804B5D00F41147 /* Frameworks */,
				A3F2C56C1A804B5D00F41147 /* Resources */,
			);
			buildRules = (
			);
			dependencies = (
				A3F2C5701A804B5D00F41147 /* PBXTargetDependency */,
			);
			name = DropBoxTests;
			productName = DropBoxTests;
			productReference = A3F2C56E1A804B5D00F41147 /* DropBoxTests.xctest */;
			productType = "com.apple.product-type.bundle.unit-test";
		};
/* End PBXNativeTarget section */

/* Begin PBXProject section */
		A3F2C5511A804B5D00F41147 /* Project object */ = {
			isa = PBXProject;
			attributes = {
				LastUpgradeCheck = 0600;
				ORGANIZATIONNAME = HyeyoungYoon;
				TargetAttributes = {
					A3F2C5581A804B5D00F41147 = {
						CreatedOnToolsVersion = 6.0.1;
					};
					A3F2C56D1A804B5D00F41147 = {
						CreatedOnToolsVersion = 6.0.1;
						TestTargetID = A3F2C5581A804B5D00F41147;
					};
				};
			};
			buildConfigurationList = A3F2C5541A804B5D00F41147 /* Build configuration list for PBXProject "DropBox" */;
			compatibilityVersion = "Xcode 3.2";
			developmentRegion = English;
			hasScannedForEncodings = 0;
			knownRegions = (
				en,
				Base,
			);
			mainGroup = A3F2C5501A804B5D00F41147;
			productRefGroup = A3F2C55A1A804B5D00F41147 /* Products */;
			projectDirPath = "";
			projectRoot = "";
			targets = (
				A3F2C5581A804B5D00F41147 /* DropBox */,
				A3F2C56D1A804B5D00F41147 /* DropBoxTests */,
			);
		};
/* End PBXProject section */

/* Begin PBXResourcesBuildPhase section */
		A3F2C5571A804B5D00F41147 /* Resources */ = {
			isa = PBXResourcesBuildPhase;
			buildActionMask = 2147483647;
			files = (
				A3F2C5641A804B5D00F41147 /* Main.storyboard in Resources */,
				A3F2C5691A804B5D00F41147 /* LaunchScreen.xib in Resources */,
				A3F2C5661A804B5D00F41147 /* Images.xcassets in Resources */,
			);
			runOnlyForDeploymentPostprocessing = 0;
		};
		A3F2C56C1A804B5D00F41147 /* Resources */ = {
			isa = PBXResourcesBuildPhase;
			buildActionMask = 2147483647;
			files = (
			);
			runOnlyForDeploymentPostprocessing = 0;
		};
/* End PBXResourcesBuildPhase section */

/* Begin PBXSourcesBuildPhase section */
		A3F2C5551A804B5D00F41147 /* Sources */ = {
			isa = PBXSourcesBuildPhase;
			buildActionMask = 2147483647;
			files = (
				A3F2C57F1A804D1000F41147 /* WelcomeViewController.swift in Sources */,
				A3F2C5611A804B5D00F41147 /* ViewController.swift in Sources */,
				A3F2C55F1A804B5D00F41147 /* AppDelegate.swift in Sources */,
				A3F2C5811A80A02D00F41147 /* favSwipeViewController.swift in Sources */,
			);
			runOnlyForDeploymentPostprocessing = 0;
		};
		A3F2C56A1A804B5D00F41147 /* Sources */ = {
			isa = PBXSourcesBuildPhase;
			buildActionMask = 2147483647;
			files = (
				A3F2C5751A804B5D00F41147 /* DropBoxTests.swift in Sources */,
			);
			runOnlyForDeploymentPostprocessing = 0;
		};
/* End PBXSourcesBuildPhase section */

/* Begin PBXTargetDependency section */
		A3F2C5701A804B5D00F41147 /* PBXTargetDependency */ = {
			isa = PBXTargetDependency;
			target = A3F2C5581A804B5D00F41147 /* DropBox */;
			targetProxy = A3F2C56F1A804B5D00F41147 /* PBXContainerItemProxy */;
		};
/* End PBXTargetDependency section */

/* Begin PBXVariantGroup section */
		A3F2C5621A804B5D00F41147 /* Main.storyboard */ = {
			isa = PBXVariantGroup;
			children = (
				A3F2C5631A804B5D00F41147 /* Base */,
			);
			name = Main.storyboard;
			sourceTree = "<group>";
		};
		A3F2C5671A804B5D00F41147 /* LaunchScreen.xib */ = {
			isa = PBXVariantGroup;
			children = (
				A3F2C5681A804B5D00F41147 /* Base */,
			);
			name = LaunchScreen.xib;
			sourceTree = "<group>";
		};
/* End PBXVariantGroup section */

/* Begin XCBuildConfiguration section */
		A3F2C5761A804B5D00F41147 /* Debug */ = {
			isa = XCBuildConfiguration;
			buildSettings = {
				ALWAYS_SEARCH_USER_PATHS = NO;
				CLANG_CXX_LANGUAGE_STANDARD = "gnu++0x";
				CLANG_CXX_LIBRARY = "libc++";
				CLANG_ENABLE_MODULES = YES;
				CLANG_ENABLE_OBJC_ARC = YES;
				CLANG_WARN_BOOL_CONVERSION = YES;
				CLANG_WARN_CONSTANT_CONVERSION = YES;
				CLANG_WARN_DIRECT_OBJC_ISA_USAGE = YES_ERROR;
				CLANG_WARN_EMPTY_BODY = YES;
				CLANG_WARN_ENUM_CONVERSION = YES;
				CLANG_WARN_INT_CONVERSION = YES;
				CLANG_WARN_OBJC_ROOT_CLASS = YES_ERROR;
				CLANG_WARN_UNREACHABLE_CODE = YES;
				CLANG_WARN__DUPLICATE_METHOD_MATCH = YES;
				"CODE_SIGN_IDENTITY[sdk=iphoneos*]" = "iPhone Developer";
				COPY_PHASE_STRIP = NO;
				ENABLE_STRICT_OBJC_MSGSEND = YES;
				GCC_C_LANGUAGE_STANDARD = gnu99;
				GCC_DYNAMIC_NO_PIC = NO;
				GCC_OPTIMIZATION_LEVEL = 0;
				GCC_PREPROCESSOR_DEFINITIONS = (
					"DEBUG=1",
					"$(inherited)",
				);
				GCC_SYMBOLS_PRIVATE_EXTERN = NO;
				GCC_WARN_64_TO_32_BIT_CONVERSION = YES;
				GCC_WARN_ABOUT_RETURN_TYPE = YES_ERROR;
				GCC_WARN_UNDECLARED_SELECTOR = YES;
				GCC_WARN_UNINITIALIZED_AUTOS = YES_AGGRESSIVE;
				GCC_WARN_UNUSED_FUNCTION = YES;
				GCC_WARN_UNUSED_VARIABLE = YES;
				IPHONEOS_DEPLOYMENT_TARGET = 8.0;
				MTL_ENABLE_DEBUG_INFO = YES;
				ONLY_ACTIVE_ARCH = YES;
				SDKROOT = iphoneos;
				SWIFT_OPTIMIZATION_LEVEL = "-Onone";
			};
			name = Debug;
		};
		A3F2C5771A804B5D00F41147 /* Release */ = {
			isa = XCBuildConfiguration;
			buildSettings = {
				ALWAYS_SEARCH_USER_PATHS = NO;
				CLANG_CXX_LANGUAGE_STANDARD = "gnu++0x";
				CLANG_CXX_LIBRARY = "libc++";
				CLANG_ENABLE_MODULES = YES;
				CLANG_ENABLE_OBJC_ARC = YES;
				CLANG_WARN_BOOL_CONVERSION = YES;
				CLANG_WARN_CONSTANT_CONVERSION = YES;
				CLANG_WARN_DIRECT_OBJC_ISA_USAGE = YES_ERROR;
				CLANG_WARN_EMPTY_BODY = YES;
				CLANG_WARN_ENUM_CONVERSION = YES;
				CLANG_WARN_INT_CONVERSION = YES;
				CLANG_WARN_OBJC_ROOT_CLASS = YES_ERROR;
				CLANG_WARN_UNREACHABLE_CODE = YES;
				CLANG_WARN__DUPLICATE_METHOD_MATCH = YES;
				"CODE_SIGN_IDENTITY[sdk=iphoneos*]" = "iPhone Developer";
				COPY_PHASE_STRIP = YES;
				ENABLE_NS_ASSERTIONS = NO;
				ENABLE_STRICT_OBJC_MSGSEND = YES;
				GCC_C_LANGUAGE_STANDARD = gnu99;
				GCC_WARN_64_TO_32_BIT_CONVERSION = YES;
				GCC_WARN_ABOUT_RETURN_TYPE = YES_ERROR;
				GCC_WARN_UNDECLARED_SELECTOR = YES;
				GCC_WARN_UNINITIALIZED_AUTOS = YES_AGGRESSIVE;
				GCC_WARN_UNUSED_FUNCTION = YES;
				GCC_WARN_UNUSED_VARIABLE = YES;
				IPHONEOS_DEPLOYMENT_TARGET = 8.0;
				MTL_ENABLE_DEBUG_INFO = NO;
				SDKROOT = iphoneos;
				VALIDATE_PRODUCT = YES;
			};
			name = Release;
		};
		A3F2C5791A804B5D00F41147 /* Debug */ = {
			isa = XCBuildConfiguration;
			buildSettings = {
				ASSETCATALOG_COMPILER_APPICON_NAME = AppIcon;
				INFOPLIST_FILE = DropBox/Info.plist;
				LD_RUNPATH_SEARCH_PATHS = "$(inherited) @executable_path/Frameworks";
				PRODUCT_NAME = "$(TARGET_NAME)";
			};
			name = Debug;
		};
		A3F2C57A1A804B5D00F41147 /* Release */ = {
			isa = XCBuildConfiguration;
			buildSettings = {
				ASSETCATALOG_COMPILER_APPICON_NAME = AppIcon;
				INFOPLIST_FILE = DropBox/Info.plist;
				LD_RUNPATH_SEARCH_PATHS = "$(inherited) @executable_path/Frameworks";
				PRODUCT_NAME = "$(TARGET_NAME)";
			};
			name = Release;
		};
		A3F2C57C1A804B5D00F41147 /* Debug */ = {
			isa = XCBuildConfiguration;
			buildSettings = {
				BUNDLE_LOADER = "$(TEST_HOST)";
				FRAMEWORK_SEARCH_PATHS = (
					"$(SDKROOT)/Developer/Library/Frameworks",
					"$(inherited)",
				);
				GCC_PREPROCESSOR_DEFINITIONS = (
					"DEBUG=1",
					"$(inherited)",
				);
				INFOPLIST_FILE = DropBoxTests/Info.plist;
				LD_RUNPATH_SEARCH_PATHS = "$(inherited) @executable_path/Frameworks @loader_path/Frameworks";
				PRODUCT_NAME = "$(TARGET_NAME)";
				TEST_HOST = "$(BUILT_PRODUCTS_DIR)/DropBox.app/DropBox";
			};
			name = Debug;
		};
		A3F2C57D1A804B5D00F41147 /* Release */ = {
			isa = XCBuildConfiguration;
			buildSettings = {
				BUNDLE_LOADER = "$(TEST_HOST)";
				FRAMEWORK_SEARCH_PATHS = (
					"$(SDKROOT)/Developer/Library/Frameworks",
					"$(inherited)",
				);
				INFOPLIST_FILE = DropBoxTests/Info.plist;
				LD_RUNPATH_SEARCH_PATHS = "$(inherited) @executable_path/Frameworks @loader_path/Frameworks";
				PRODUCT_NAME = "$(TARGET_NAME)";
				TEST_HOST = "$(BUILT_PRODUCTS_DIR)/DropBox.app/DropBox";
			};
			name = Release;
		};
/* End XCBuildConfiguration section */

/* Begin XCConfigurationList section */
		A3F2C5541A804B5D00F41147 /* Build configuration list for PBXProject "DropBox" */ = {
			isa = XCConfigurationList;
			buildConfigurations = (
				A3F2C5761A804B5D00F41147 /* Debug */,
				A3F2C5771A804B5D00F41147 /* Release */,
			);
			defaultConfigurationIsVisible = 0;
			defaultConfigurationName = Release;
		};
		A3F2C5781A804B5D00F41147 /* Build configuration list for PBXNativeTarget "DropBox" */ = {
			isa = XCConfigurationList;
			buildConfigurations = (
				A3F2C5791A804B5D00F41147 /* Debug */,
				A3F2C57A1A804B5D00F41147 /* Release */,
			);
			defaultConfigurationIsVisible = 0;
		};
		A3F2C57B1A804B5D00F41147 /* Build configuration list for PBXNativeTarget "DropBoxTests" */ = {
			isa = XCConfigurationList;
			buildConfigurations = (
				A3F2C57C1A804B5D00F41147 /* Debug */,
				A3F2C57D1A804B5D00F41147 /* Release */,
			);
			defaultConfigurationIsVisible = 0;
		};
/* End XCConfigurationList section */
	};
	rootObject = A3F2C5511A804B5D00F41147 /* Project object */;
}
