// !$*UTF8*$!
{
	archiveVersion = 1;
	classes = {
	};
	objectVersion = 46;
	objects = {

/* Begin PBXBuildFile section */
		A3A2542E1A71DF6400885AAB /* AppDelegate.swift in Sources */ = {isa = PBXBuildFile; fileRef = A3A2542D1A71DF6400885AAB /* AppDelegate.swift */; };
		A3A254301A71DF6400885AAB /* ViewController.swift in Sources */ = {isa = PBXBuildFile; fileRef = A3A2542F1A71DF6400885AAB /* ViewController.swift */; };
		A3A254331A71DF6400885AAB /* Main.storyboard in Resources */ = {isa = PBXBuildFile; fileRef = A3A254311A71DF6400885AAB /* Main.storyboard */; };
		A3A254351A71DF6400885AAB /* Images.xcassets in Resources */ = {isa = PBXBuildFile; fileRef = A3A254341A71DF6400885AAB /* Images.xcassets */; };
		A3A254381A71DF6400885AAB /* LaunchScreen.xib in Resources */ = {isa = PBXBuildFile; fileRef = A3A254361A71DF6400885AAB /* LaunchScreen.xib */; };
		A3A254441A71DF6400885AAB /* test_for_githubTests.swift in Sources */ = {isa = PBXBuildFile; fileRef = A3A254431A71DF6400885AAB /* test_for_githubTests.swift */; };
/* End PBXBuildFile section */

/* Begin PBXContainerItemProxy section */
		A3A2543E1A71DF6400885AAB /* PBXContainerItemProxy */ = {
			isa = PBXContainerItemProxy;
			containerPortal = A3A254201A71DF6400885AAB /* Project object */;
			proxyType = 1;
			remoteGlobalIDString = A3A254271A71DF6400885AAB;
			remoteInfo = "test for github";
		};
/* End PBXContainerItemProxy section */

/* Begin PBXFileReference section */
		A3A254281A71DF6400885AAB /* test for github.app */ = {isa = PBXFileReference; explicitFileType = wrapper.application; includeInIndex = 0; path = "test for github.app"; sourceTree = BUILT_PRODUCTS_DIR; };
		A3A2542C1A71DF6400885AAB /* Info.plist */ = {isa = PBXFileReference; lastKnownFileType = text.plist.xml; path = Info.plist; sourceTree = "<group>"; };
		A3A2542D1A71DF6400885AAB /* AppDelegate.swift */ = {isa = PBXFileReference; lastKnownFileType = sourcecode.swift; path = AppDelegate.swift; sourceTree = "<group>"; };
		A3A2542F1A71DF6400885AAB /* ViewController.swift */ = {isa = PBXFileReference; lastKnownFileType = sourcecode.swift; path = ViewController.swift; sourceTree = "<group>"; };
		A3A254321A71DF6400885AAB /* Base */ = {isa = PBXFileReference; lastKnownFileType = file.storyboard; name = Base; path = Base.lproj/Main.storyboard; sourceTree = "<group>"; };
		A3A254341A71DF6400885AAB /* Images.xcassets */ = {isa = PBXFileReference; lastKnownFileType = folder.assetcatalog; path = Images.xcassets; sourceTree = "<group>"; };
		A3A254371A71DF6400885AAB /* Base */ = {isa = PBXFileReference; lastKnownFileType = file.xib; name = Base; path = Base.lproj/LaunchScreen.xib; sourceTree = "<group>"; };
		A3A2543D1A71DF6400885AAB /* test for githubTests.xctest */ = {isa = PBXFileReference; explicitFileType = wrapper.cfbundle; includeInIndex = 0; path = "test for githubTests.xctest"; sourceTree = BUILT_PRODUCTS_DIR; };
		A3A254421A71DF6400885AAB /* Info.plist */ = {isa = PBXFileReference; lastKnownFileType = text.plist.xml; path = Info.plist; sourceTree = "<group>"; };
		A3A254431A71DF6400885AAB /* test_for_githubTests.swift */ = {isa = PBXFileReference; lastKnownFileType = sourcecode.swift; path = test_for_githubTests.swift; sourceTree = "<group>"; };
/* End PBXFileReference section */

/* Begin PBXFrameworksBuildPhase section */
		A3A254251A71DF6400885AAB /* Frameworks */ = {
			isa = PBXFrameworksBuildPhase;
			buildActionMask = 2147483647;
			files = (
			);
			runOnlyForDeploymentPostprocessing = 0;
		};
		A3A2543A1A71DF6400885AAB /* Frameworks */ = {
			isa = PBXFrameworksBuildPhase;
			buildActionMask = 2147483647;
			files = (
			);
			runOnlyForDeploymentPostprocessing = 0;
		};
/* End PBXFrameworksBuildPhase section */

/* Begin PBXGroup section */
		A3A2541F1A71DF6400885AAB = {
			isa = PBXGroup;
			children = (
				A3A2542A1A71DF6400885AAB /* test for github */,
				A3A254401A71DF6400885AAB /* test for githubTests */,
				A3A254291A71DF6400885AAB /* Products */,
			);
			sourceTree = "<group>";
		};
		A3A254291A71DF6400885AAB /* Products */ = {
			isa = PBXGroup;
			children = (
				A3A254281A71DF6400885AAB /* test for github.app */,
				A3A2543D1A71DF6400885AAB /* test for githubTests.xctest */,
			);
			name = Products;
			sourceTree = "<group>";
		};
		A3A2542A1A71DF6400885AAB /* test for github */ = {
			isa = PBXGroup;
			children = (
				A3A2542D1A71DF6400885AAB /* AppDelegate.swift */,
				A3A2542F1A71DF6400885AAB /* ViewController.swift */,
				A3A254311A71DF6400885AAB /* Main.storyboard */,
				A3A254341A71DF6400885AAB /* Images.xcassets */,
				A3A254361A71DF6400885AAB /* LaunchScreen.xib */,
				A3A2542B1A71DF6400885AAB /* Supporting Files */,
			);
			path = "test for github";
			sourceTree = "<group>";
		};
		A3A2542B1A71DF6400885AAB /* Supporting Files */ = {
			isa = PBXGroup;
			children = (
				A3A2542C1A71DF6400885AAB /* Info.plist */,
			);
			name = "Supporting Files";
			sourceTree = "<group>";
		};
		A3A254401A71DF6400885AAB /* test for githubTests */ = {
			isa = PBXGroup;
			children = (
				A3A254431A71DF6400885AAB /* test_for_githubTests.swift */,
				A3A254411A71DF6400885AAB /* Supporting Files */,
			);
			path = "test for githubTests";
			sourceTree = "<group>";
		};
		A3A254411A71DF6400885AAB /* Supporting Files */ = {
			isa = PBXGroup;
			children = (
				A3A254421A71DF6400885AAB /* Info.plist */,
			);
			name = "Supporting Files";
			sourceTree = "<group>";
		};
/* End PBXGroup section */

/* Begin PBXNativeTarget section */
		A3A254271A71DF6400885AAB /* test for github */ = {
			isa = PBXNativeTarget;
			buildConfigurationList = A3A254471A71DF6400885AAB /* Build configuration list for PBXNativeTarget "test for github" */;
			buildPhases = (
				A3A254241A71DF6400885AAB /* Sources */,
				A3A254251A71DF6400885AAB /* Frameworks */,
				A3A254261A71DF6400885AAB /* Resources */,
			);
			buildRules = (
			);
			dependencies = (
			);
			name = "test for github";
			productName = "test for github";
			productReference = A3A254281A71DF6400885AAB /* test for github.app */;
			productType = "com.apple.product-type.application";
		};
		A3A2543C1A71DF6400885AAB /* test for githubTests */ = {
			isa = PBXNativeTarget;
			buildConfigurationList = A3A2544A1A71DF6400885AAB /* Build configuration list for PBXNativeTarget "test for githubTests" */;
			buildPhases = (
				A3A254391A71DF6400885AAB /* Sources */,
				A3A2543A1A71DF6400885AAB /* Frameworks */,
				A3A2543B1A71DF6400885AAB /* Resources */,
			);
			buildRules = (
			);
			dependencies = (
				A3A2543F1A71DF6400885AAB /* PBXTargetDependency */,
			);
			name = "test for githubTests";
			productName = "test for githubTests";
			productReference = A3A2543D1A71DF6400885AAB /* test for githubTests.xctest */;
			productType = "com.apple.product-type.bundle.unit-test";
		};
/* End PBXNativeTarget section */

/* Begin PBXProject section */
		A3A254201A71DF6400885AAB /* Project object */ = {
			isa = PBXProject;
			attributes = {
				LastUpgradeCheck = 0600;
				ORGANIZATIONNAME = HyeyoungYoon;
				TargetAttributes = {
					A3A254271A71DF6400885AAB = {
						CreatedOnToolsVersion = 6.0.1;
					};
					A3A2543C1A71DF6400885AAB = {
						CreatedOnToolsVersion = 6.0.1;
						TestTargetID = A3A254271A71DF6400885AAB;
					};
				};
			};
			buildConfigurationList = A3A254231A71DF6400885AAB /* Build configuration list for PBXProject "test for github" */;
			compatibilityVersion = "Xcode 3.2";
			developmentRegion = English;
			hasScannedForEncodings = 0;
			knownRegions = (
				en,
				Base,
			);
			mainGroup = A3A2541F1A71DF6400885AAB;
			productRefGroup = A3A254291A71DF6400885AAB /* Products */;
			projectDirPath = "";
			projectRoot = "";
			targets = (
				A3A254271A71DF6400885AAB /* test for github */,
				A3A2543C1A71DF6400885AAB /* test for githubTests */,
			);
		};
/* End PBXProject section */

/* Begin PBXResourcesBuildPhase section */
		A3A254261A71DF6400885AAB /* Resources */ = {
			isa = PBXResourcesBuildPhase;
			buildActionMask = 2147483647;
			files = (
				A3A254331A71DF6400885AAB /* Main.storyboard in Resources */,
				A3A254381A71DF6400885AAB /* LaunchScreen.xib in Resources */,
				A3A254351A71DF6400885AAB /* Images.xcassets in Resources */,
			);
			runOnlyForDeploymentPostprocessing = 0;
		};
		A3A2543B1A71DF6400885AAB /* Resources */ = {
			isa = PBXResourcesBuildPhase;
			buildActionMask = 2147483647;
			files = (
			);
			runOnlyForDeploymentPostprocessing = 0;
		};
/* End PBXResourcesBuildPhase section */

/* Begin PBXSourcesBuildPhase section */
		A3A254241A71DF6400885AAB /* Sources */ = {
			isa = PBXSourcesBuildPhase;
			buildActionMask = 2147483647;
			files = (
				A3A254301A71DF6400885AAB /* ViewController.swift in Sources */,
				A3A2542E1A71DF6400885AAB /* AppDelegate.swift in Sources */,
			);
			runOnlyForDeploymentPostprocessing = 0;
		};
		A3A254391A71DF6400885AAB /* Sources */ = {
			isa = PBXSourcesBuildPhase;
			buildActionMask = 2147483647;
			files = (
				A3A254441A71DF6400885AAB /* test_for_githubTests.swift in Sources */,
			);
			runOnlyForDeploymentPostprocessing = 0;
		};
/* End PBXSourcesBuildPhase section */

/* Begin PBXTargetDependency section */
		A3A2543F1A71DF6400885AAB /* PBXTargetDependency */ = {
			isa = PBXTargetDependency;
			target = A3A254271A71DF6400885AAB /* test for github */;
			targetProxy = A3A2543E1A71DF6400885AAB /* PBXContainerItemProxy */;
		};
/* End PBXTargetDependency section */

/* Begin PBXVariantGroup section */
		A3A254311A71DF6400885AAB /* Main.storyboard */ = {
			isa = PBXVariantGroup;
			children = (
				A3A254321A71DF6400885AAB /* Base */,
			);
			name = Main.storyboard;
			sourceTree = "<group>";
		};
		A3A254361A71DF6400885AAB /* LaunchScreen.xib */ = {
			isa = PBXVariantGroup;
			children = (
				A3A254371A71DF6400885AAB /* Base */,
			);
			name = LaunchScreen.xib;
			sourceTree = "<group>";
		};
/* End PBXVariantGroup section */

/* Begin XCBuildConfiguration section */
		A3A254451A71DF6400885AAB /* Debug */ = {
			isa = XCBuildConfiguration;
			buildSettings = {
				ALWAYS_SEARCH_USER_PATHS = NO;
				CLANG_CXX_LANGUAGE_STANDARD = "gnu++0x";
				CLANG_CXX_LIBRARY = "libc++";
				CLANG_ENABLE_MODULES = YES;
				CLANG_ENABLE_OBJC_ARC = YES;
				CLANG_WARN_BOOL_CONVERSION = YES;
				CLANG_WARN_CONSTANT_CONVERSION = YES;
				CLANG_WARN_DIRECT_OBJC_ISA_USAGE = YES_ERROR;
				CLANG_WARN_EMPTY_BODY = YES;
				CLANG_WARN_ENUM_CONVERSION = YES;
				CLANG_WARN_INT_CONVERSION = YES;
				CLANG_WARN_OBJC_ROOT_CLASS = YES_ERROR;
				CLANG_WARN_UNREACHABLE_CODE = YES;
				CLANG_WARN__DUPLICATE_METHOD_MATCH = YES;
				"CODE_SIGN_IDENTITY[sdk=iphoneos*]" = "iPhone Developer";
				COPY_PHASE_STRIP = NO;
				ENABLE_STRICT_OBJC_MSGSEND = YES;
				GCC_C_LANGUAGE_STANDARD = gnu99;
				GCC_DYNAMIC_NO_PIC = NO;
				GCC_OPTIMIZATION_LEVEL = 0;
				GCC_PREPROCESSOR_DEFINITIONS = (
					"DEBUG=1",
					"$(inherited)",
				);
				GCC_SYMBOLS_PRIVATE_EXTERN = NO;
				GCC_WARN_64_TO_32_BIT_CONVERSION = YES;
				GCC_WARN_ABOUT_RETURN_TYPE = YES_ERROR;
				GCC_WARN_UNDECLARED_SELECTOR = YES;
				GCC_WARN_UNINITIALIZED_AUTOS = YES_AGGRESSIVE;
				GCC_WARN_UNUSED_FUNCTION = YES;
				GCC_WARN_UNUSED_VARIABLE = YES;
				IPHONEOS_DEPLOYMENT_TARGET = 8.0;
				MTL_ENABLE_DEBUG_INFO = YES;
				ONLY_ACTIVE_ARCH = YES;
				SDKROOT = iphoneos;
				SWIFT_OPTIMIZATION_LEVEL = "-Onone";
			};
			name = Debug;
		};
		A3A254461A71DF6400885AAB /* Release */ = {
			isa = XCBuildConfiguration;
			buildSettings = {
				ALWAYS_SEARCH_USER_PATHS = NO;
				CLANG_CXX_LANGUAGE_STANDARD = "gnu++0x";
				CLANG_CXX_LIBRARY = "libc++";
				CLANG_ENABLE_MODULES = YES;
				CLANG_ENABLE_OBJC_ARC = YES;
				CLANG_WARN_BOOL_CONVERSION = YES;
				CLANG_WARN_CONSTANT_CONVERSION = YES;
				CLANG_WARN_DIRECT_OBJC_ISA_USAGE = YES_ERROR;
				CLANG_WARN_EMPTY_BODY = YES;
				CLANG_WARN_ENUM_CONVERSION = YES;
				CLANG_WARN_INT_CONVERSION = YES;
				CLANG_WARN_OBJC_ROOT_CLASS = YES_ERROR;
				CLANG_WARN_UNREACHABLE_CODE = YES;
				CLANG_WARN__DUPLICATE_METHOD_MATCH = YES;
				"CODE_SIGN_IDENTITY[sdk=iphoneos*]" = "iPhone Developer";
				COPY_PHASE_STRIP = YES;
				ENABLE_NS_ASSERTIONS = NO;
				ENABLE_STRICT_OBJC_MSGSEND = YES;
				GCC_C_LANGUAGE_STANDARD = gnu99;
				GCC_WARN_64_TO_32_BIT_CONVERSION = YES;
				GCC_WARN_ABOUT_RETURN_TYPE = YES_ERROR;
				GCC_WARN_UNDECLARED_SELECTOR = YES;
				GCC_WARN_UNINITIALIZED_AUTOS = YES_AGGRESSIVE;
				GCC_WARN_UNUSED_FUNCTION = YES;
				GCC_WARN_UNUSED_VARIABLE = YES;
				IPHONEOS_DEPLOYMENT_TARGET = 8.0;
				MTL_ENABLE_DEBUG_INFO = NO;
				SDKROOT = iphoneos;
				VALIDATE_PRODUCT = YES;
			};
			name = Release;
		};
		A3A254481A71DF6400885AAB /* Debug */ = {
			isa = XCBuildConfiguration;
			buildSettings = {
				ASSETCATALOG_COMPILER_APPICON_NAME = AppIcon;
				INFOPLIST_FILE = "test for github/Info.plist";
				LD_RUNPATH_SEARCH_PATHS = "$(inherited) @executable_path/Frameworks";
				PRODUCT_NAME = "$(TARGET_NAME)";
			};
			name = Debug;
		};
		A3A254491A71DF6400885AAB /* Release */ = {
			isa = XCBuildConfiguration;
			buildSettings = {
				ASSETCATALOG_COMPILER_APPICON_NAME = AppIcon;
				INFOPLIST_FILE = "test for github/Info.plist";
				LD_RUNPATH_SEARCH_PATHS = "$(inherited) @executable_path/Frameworks";
				PRODUCT_NAME = "$(TARGET_NAME)";
			};
			name = Release;
		};
		A3A2544B1A71DF6400885AAB /* Debug */ = {
			isa = XCBuildConfiguration;
			buildSettings = {
				BUNDLE_LOADER = "$(TEST_HOST)";
				FRAMEWORK_SEARCH_PATHS = (
					"$(SDKROOT)/Developer/Library/Frameworks",
					"$(inherited)",
				);
				GCC_PREPROCESSOR_DEFINITIONS = (
					"DEBUG=1",
					"$(inherited)",
				);
				INFOPLIST_FILE = "test for githubTests/Info.plist";
				LD_RUNPATH_SEARCH_PATHS = "$(inherited) @executable_path/Frameworks @loader_path/Frameworks";
				PRODUCT_NAME = "$(TARGET_NAME)";
				TEST_HOST = "$(BUILT_PRODUCTS_DIR)/test for github.app/test for github";
			};
			name = Debug;
		};
		A3A2544C1A71DF6400885AAB /* Release */ = {
			isa = XCBuildConfiguration;
			buildSettings = {
				BUNDLE_LOADER = "$(TEST_HOST)";
				FRAMEWORK_SEARCH_PATHS = (
					"$(SDKROOT)/Developer/Library/Frameworks",
					"$(inherited)",
				);
				INFOPLIST_FILE = "test for githubTests/Info.plist";
				LD_RUNPATH_SEARCH_PATHS = "$(inherited) @executable_path/Frameworks @loader_path/Frameworks";
				PRODUCT_NAME = "$(TARGET_NAME)";
				TEST_HOST = "$(BUILT_PRODUCTS_DIR)/test for github.app/test for github";
			};
			name = Release;
		};
/* End XCBuildConfiguration section */

/* Begin XCConfigurationList section */
		A3A254231A71DF6400885AAB /* Build configuration list for PBXProject "test for github" */ = {
			isa = XCConfigurationList;
			buildConfigurations = (
				A3A254451A71DF6400885AAB /* Debug */,
				A3A254461A71DF6400885AAB /* Release */,
			);
			defaultConfigurationIsVisible = 0;
			defaultConfigurationName = Release;
		};
		A3A254471A71DF6400885AAB /* Build configuration list for PBXNativeTarget "test for github" */ = {
			isa = XCConfigurationList;
			buildConfigurations = (
				A3A254481A71DF6400885AAB /* Debug */,
				A3A254491A71DF6400885AAB /* Release */,
			);
			defaultConfigurationIsVisible = 0;
		};
		A3A2544A1A71DF6400885AAB /* Build configuration list for PBXNativeTarget "test for githubTests" */ = {
			isa = XCConfigurationList;
			buildConfigurations = (
				A3A2544B1A71DF6400885AAB /* Debug */,
				A3A2544C1A71DF6400885AAB /* Release */,
			);
			defaultConfigurationIsVisible = 0;
		};
/* End XCConfigurationList section */
	};
	rootObject = A3A254201A71DF6400885AAB /* Project object */;
}
